
Microsoft Visual Studio Solution File, Format Version 12.00
# Visual Studio Version 16
VisualStudioVersion = 16.0.31105.61
MinimumVisualStudioVersion = 10.0.40219.1
Project("{FAE04EC0-301F-11D3-BF4B-00C04F79EFBC}") = "SQLSPExecutor", "SQLSPExecutor\SQLSPExecutor.csproj", "{0DA203B1-899A-44E3-92A2-EE4D1C6B8E38}"
EndProject
Project("{FAE04EC0-301F-11D3-BF4B-00C04F79EFBC}") = "SQLSPExecutor.Core", "SQLSPExecutor.Core\SQLSPExecutor.Core.csproj", "{F1400B3C-6E58-41C1-AF75-5A15AEF1E5BC}"
EndProject
Global
	GlobalSection(SolutionConfigurationPlatforms) = preSolution
		Debug|Any CPU = Debug|Any CPU
		Release|Any CPU = Release|Any CPU
	EndGlobalSection
	GlobalSection(ProjectConfigurationPlatforms) = postSolution
		{0DA203B1-899A-44E3-92A2-EE4D1C6B8E38}.Debug|Any CPU.ActiveCfg = Debug|Any CPU
		{0DA203B1-899A-44E3-92A2-EE4D1C6B8E38}.Debug|Any CPU.Build.0 = Debug|Any CPU
		{0DA203B1-899A-44E3-92A2-EE4D1C6B8E38}.Release|Any CPU.ActiveCfg = Release|Any CPU
		{0DA203B1-899A-44E3-92A2-EE4D1C6B8E38}.Release|Any CPU.Build.0 = Release|Any CPU
		{F1400B3C-6E58-41C1-AF75-5A15AEF1E5BC}.Debug|Any CPU.ActiveCfg = Debug|Any CPU
		{F1400B3C-6E58-41C1-AF75-5A15AEF1E5BC}.Debug|Any CPU.Build.0 = Debug|Any CPU
		{F1400B3C-6E58-41C1-AF75-5A15AEF1E5BC}.Release|Any CPU.ActiveCfg = Release|Any CPU
		{F1400B3C-6E58-41C1-AF75-5A15AEF1E5BC}.Release|Any CPU.Build.0 = Release|Any CPU
	EndGlobalSection
	GlobalSection(SolutionProperties) = preSolution
		HideSolutionNode = FALSE
	EndGlobalSection
	GlobalSection(ExtensibilityGlobals) = postSolution
		SolutionGuid = {C66F3BD3-B6B6-482A-80FE-5A9E41FCE4F0}
	EndGlobalSection
EndGlobal
